schema: '2.0'
stages:
  raw_processed:
    cmd: python ../data/collect_raw.py
    deps:
    - path: ../data/collect_raw.py
      hash: md5
      md5: bda41ece79129ed464fcf83bd7efdcf6
      size: 4107
    outs:
    - path: ../../data/processed
      hash: md5
      md5: 207bd94911b3f062b4459a26e2241574.dir
      size: 14741944
      nfiles: 220
    - path: ../../data/raw
      hash: md5
      md5: 95476a08cf21ef5f86b855558cfc994c.dir
      size: 688981
      nfiles: 215
  features:
    cmd: python ../data/create_features.py --replace
    deps:
    - path: ../../data/processed
      hash: md5
      md5: 207bd94911b3f062b4459a26e2241574.dir
      size: 14741944
      nfiles: 220
    - path: ../data/create_features.py
      hash: md5
      md5: d14e27cce948ea9924d75b553159d663
      size: 4284
    outs:
    - path: ../../data/features
      hash: md5
      md5: dede11a099a2282a7abbdc24f96a5ce4.dir
      size: 5958997
      nfiles: 45
  datasets:
    cmd: python ../data/create_datasets.py
    deps:
    - path: ../../data/features
      hash: md5
      md5: dede11a099a2282a7abbdc24f96a5ce4.dir
      size: 5958997
      nfiles: 45
    - path: ../data/create_datasets.py
      hash: md5
      md5: f2bb08519b4f328ddbfdee4cd14b408a
      size: 3081
    outs:
    - path: ../../data/datasets
      hash: md5
      md5: 46528e225bcb414a886aa9256abe121f.dir
      size: 3372104
      nfiles: 3
