schema: '2.0'
stages:
  raw_processed:
    cmd: python ../data/collect_raw.py
    deps:
    - path: ../data/collect_raw.py
      hash: md5
      md5: 2c2018f9a2bd19e09a2c9e700c7a8915
      size: 3941
    outs:
    - path: ../../data/processed
      hash: md5
      md5: 9f9daf5fbb6aae692e27996d48f9b3f3.dir
      size: 14401503
      nfiles: 133
    - path: ../../data/raw
      hash: md5
      md5: 0065d4d14475b61233c790ac858152db.dir
      size: 201353
      nfiles: 88
  features:
    cmd: python ../data/create_features.py
    deps:
    - path: ../../data/processed
      hash: md5
      md5: 9f9daf5fbb6aae692e27996d48f9b3f3.dir
      size: 14401503
      nfiles: 133
    - path: ../data/create_features.py
      hash: md5
      md5: adf630313c4a410257ea29551b6db7a3
      size: 4298
    outs:
    - path: ../../data/features
      hash: md5
      md5: 96a32050fe33bd3d98b3d6c77fce8a33.dir
      size: 6062248
      nfiles: 45
  datasets:
    cmd: python ../data/create_datasets.py
    deps:
    - path: ../../data/features
      hash: md5
      md5: 96a32050fe33bd3d98b3d6c77fce8a33.dir
      size: 6062248
      nfiles: 45
    - path: ../data/create_datasets.py
      hash: md5
      md5: f68a0bfa51d08479b84d94adfa0e1a8f
      size: 3095
    outs:
    - path: ../../data/datasets
      hash: md5
      md5: a36612945190cddf2e45e293db8352f0.dir
      size: 3425159
      nfiles: 3
